# This file is generated by running "yarn install" inside your project.
# Manual changes might be lost - proceed with caution!

__metadata:
  version: 8
  cacheKey: 10c0

"@openvim/types@file:packages/types::locator=openvim%40workspace%3A.":
  version: 0.1.0
  resolution: "@openvim/types@file:packages/types#packages/types::hash=954480&locator=openvim%40workspace%3A."
  checksum: 10c0/e6b89f99dce3bcc465ade252dd521b69ec64407c7484c5b12c510d6c80607948fa80fd4bc3aafe5c13fa2422786e9fb865329b66f4fa226467dd7edf15a80e60
  languageName: node
  linkType: hard

"openvim@workspace:.":
  version: 0.0.0-use.local
  resolution: "openvim@workspace:."
  dependencies:
    "@openvim/types": "file:packages/types"
  languageName: unknown
  linkType: soft
