# This file is generated by running "yarn install" inside your project.
# Manual changes might be lost - proceed with caution!

__metadata:
  version: 8
  cacheKey: 10c0

"@openvim/types@file:packages/types::locator=openvim%40workspace%3A.":
  version: 0.3.0
  resolution: "@openvim/types@file:packages/types#packages/types::hash=a89337&locator=openvim%40workspace%3A."
  checksum: 10c0/44b17ba3dd327b4781b5c31b4ee7099abe97a0d963c18351b1ea8a5da974151b6a9319eca539449cb42a9f95d6e6e83fb90d0c763ccdceb28488a31a717a7da4
  languageName: node
  linkType: hard

"openvim@workspace:.":
  version: 0.0.0-use.local
  resolution: "openvim@workspace:."
  dependencies:
    "@openvim/types": "file:packages/types"
  languageName: unknown
  linkType: soft
