# This file is generated by running "yarn install" inside your project.
# Manual changes might be lost - proceed with caution!

__metadata:
  version: 8
  cacheKey: 10c0

"@openvim/types@file:packages/types::locator=openvim%40workspace%3A.":
  version: 0.2.0
  resolution: "@openvim/types@file:packages/types#packages/types::hash=58d462&locator=openvim%40workspace%3A."
  checksum: 10c0/7cafb3bc3f094a1f628d806e6eab75d4170991cf33707e9de33237d310624d2ead77f927fe6ddeed32fa6783c650272bf30fcd9be7c0067f1d9e8a892c22b70d
  languageName: node
  linkType: hard

"openvim@workspace:.":
  version: 0.0.0-use.local
  resolution: "openvim@workspace:."
  dependencies:
    "@openvim/types": "file:packages/types"
  languageName: unknown
  linkType: soft
